
Microsoft Visual Studio Solution File, Format Version 12.00
# Visual Studio Version 16
VisualStudioVersion = 16.0.30406.217
MinimumVisualStudioVersion = 10.0.40219.1
Project("{9A19103F-16F7-4668-BE54-9A1E7A4F7556}") = "SurvivalGame", "SurvivalGame\SurvivalGame.csproj", "{52E62EBE-BB16-41FC-B575-E414FBB1562B}"
EndProject
Global
	GlobalSection(SolutionConfigurationPlatforms) = preSolution
		Debug|x86 = Debug|x86
		Release|x86 = Release|x86
	EndGlobalSection
	GlobalSection(ProjectConfigurationPlatforms) = postSolution
		{52E62EBE-BB16-41FC-B575-E414FBB1562B}.Debug|x86.ActiveCfg = Debug|Any CPU
		{52E62EBE-BB16-41FC-B575-E414FBB1562B}.Debug|x86.Build.0 = Debug|Any CPU
		{52E62EBE-BB16-41FC-B575-E414FBB1562B}.Release|x86.ActiveCfg = Release|Any CPU
		{52E62EBE-BB16-41FC-B575-E414FBB1562B}.Release|x86.Build.0 = Release|Any CPU
	EndGlobalSection
	GlobalSection(SolutionProperties) = preSolution
		HideSolutionNode = FALSE
	EndGlobalSection
	GlobalSection(ExtensibilityGlobals) = postSolution
		SolutionGuid = {F2005890-AF4E-446C-A3FB-358D46C6D34B}
	EndGlobalSection
EndGlobal
